// !$*UTF8*$!
{
	archiveVersion = 1;
	classes = {
	};
	objectVersion = 56;
	objects = {

/* Begin PBXBuildFile section */
		F4B96AED295ED4A700EC9C41 /* AppDelegate.swift in Sources */ = {isa = PBXBuildFile; fileRef = F4B96AEC295ED4A700EC9C41 /* AppDelegate.swift */; };
		F4B96AEF295ED4A700EC9C41 /* SceneDelegate.swift in Sources */ = {isa = PBXBuildFile; fileRef = F4B96AEE295ED4A700EC9C41 /* SceneDelegate.swift */; };
		F4B96AF1295ED4A700EC9C41 /* ViewController.swift in Sources */ = {isa = PBXBuildFile; fileRef = F4B96AF0295ED4A700EC9C41 /* ViewController.swift */; };
		F4B96AF4295ED4A700EC9C41 /* Main.storyboard in Resources */ = {isa = PBXBuildFile; fileRef = F4B96AF2295ED4A700EC9C41 /* Main.storyboard */; };
		F4B96AF6295ED4A800EC9C41 /* Assets.xcassets in Resources */ = {isa = PBXBuildFile; fileRef = F4B96AF5295ED4A800EC9C41 /* Assets.xcassets */; };
		F4B96AF9295ED4A800EC9C41 /* LaunchScreen.storyboard in Resources */ = {isa = PBXBuildFile; fileRef = F4B96AF7295ED4A800EC9C41 /* LaunchScreen.storyboard */; };
		F4B96B04295ED4A900EC9C41 /* IOS102_preworkTests.swift in Sources */ = {isa = PBXBuildFile; fileRef = F4B96B03295ED4A900EC9C41 /* IOS102_preworkTests.swift */; };
		F4B96B0E295ED4A900EC9C41 /* IOS102_preworkUITests.swift in Sources */ = {isa = PBXBuildFile; fileRef = F4B96B0D295ED4A900EC9C41 /* IOS102_preworkUITests.swift */; };
		F4B96B10295ED4A900EC9C41 /* IOS102_preworkUITestsLaunchTests.swift in Sources */ = {isa = PBXBuildFile; fileRef = F4B96B0F295ED4A900EC9C41 /* IOS102_preworkUITestsLaunchTests.swift */; };
/* End PBXBuildFile section */

/* Begin PBXContainerItemProxy section */
		F4B96B00295ED4A800EC9C41 /* PBXContainerItemProxy */ = {
			isa = PBXContainerItemProxy;
			containerPortal = F4B96AE1295ED4A700EC9C41 /* Project object */;
			proxyType = 1;
			remoteGlobalIDString = F4B96AE8295ED4A700EC9C41;
			remoteInfo = IOS102_prework;
		};
		F4B96B0A295ED4A900EC9C41 /* PBXContainerItemProxy */ = {
			isa = PBXContainerItemProxy;
			containerPortal = F4B96AE1295ED4A700EC9C41 /* Project object */;
			proxyType = 1;
			remoteGlobalIDString = F4B96AE8295ED4A700EC9C41;
			remoteInfo = IOS102_prework;
		};
/* End PBXContainerItemProxy section */

/* Begin PBXFileReference section */
		F4B96AE9295ED4A700EC9C41 /* IOS102_prework.app */ = {isa = PBXFileReference; explicitFileType = wrapper.application; includeInIndex = 0; path = IOS102_prework.app; sourceTree = BUILT_PRODUCTS_DIR; };
		F4B96AEC295ED4A700EC9C41 /* AppDelegate.swift */ = {isa = PBXFileReference; lastKnownFileType = sourcecode.swift; path = AppDelegate.swift; sourceTree = "<group>"; };
		F4B96AEE295ED4A700EC9C41 /* SceneDelegate.swift */ = {isa = PBXFileReference; lastKnownFileType = sourcecode.swift; path = SceneDelegate.swift; sourceTree = "<group>"; };
		F4B96AF0295ED4A700EC9C41 /* ViewController.swift */ = {isa = PBXFileReference; lastKnownFileType = sourcecode.swift; path = ViewController.swift; sourceTree = "<group>"; };
		F4B96AF3295ED4A700EC9C41 /* Base */ = {isa = PBXFileReference; lastKnownFileType = file.storyboard; name = Base; path = Base.lproj/Main.storyboard; sourceTree = "<group>"; };
		F4B96AF5295ED4A800EC9C41 /* Assets.xcassets */ = {isa = PBXFileReference; lastKnownFileType = folder.assetcatalog; path = Assets.xcassets; sourceTree = "<group>"; };
		F4B96AF8295ED4A800EC9C41 /* Base */ = {isa = PBXFileReference; lastKnownFileType = file.storyboard; name = Base; path = Base.lproj/LaunchScreen.storyboard; sourceTree = "<group>"; };
		F4B96AFA295ED4A800EC9C41 /* Info.plist */ = {isa = PBXFileReference; lastKnownFileType = text.plist.xml; path = Info.plist; sourceTree = "<group>"; };
		F4B96AFF295ED4A800EC9C41 /* IOS102_preworkTests.xctest */ = {isa = PBXFileReference; explicitFileType = wrapper.cfbundle; includeInIndex = 0; path = IOS102_preworkTests.xctest; sourceTree = BUILT_PRODUCTS_DIR; };
		F4B96B03295ED4A900EC9C41 /* IOS102_preworkTests.swift */ = {isa = PBXFileReference; lastKnownFileType = sourcecode.swift; path = IOS102_preworkTests.swift; sourceTree = "<group>"; };
		F4B96B09295ED4A900EC9C41 /* IOS102_preworkUITests.xctest */ = {isa = PBXFileReference; explicitFileType = wrapper.cfbundle; includeInIndex = 0; path = IOS102_preworkUITests.xctest; sourceTree = BUILT_PRODUCTS_DIR; };
		F4B96B0D295ED4A900EC9C41 /* IOS102_preworkUITests.swift */ = {isa = PBXFileReference; lastKnownFileType = sourcecode.swift; path = IOS102_preworkUITests.swift; sourceTree = "<group>"; };
		F4B96B0F295ED4A900EC9C41 /* IOS102_preworkUITestsLaunchTests.swift */ = {isa = PBXFileReference; lastKnownFileType = sourcecode.swift; path = IOS102_preworkUITestsLaunchTests.swift; sourceTree = "<group>"; };
/* End PBXFileReference section */

/* Begin PBXFrameworksBuildPhase section */
		F4B96AE6295ED4A700EC9C41 /* Frameworks */ = {
			isa = PBXFrameworksBuildPhase;
			buildActionMask = 2147483647;
			files = (
			);
			runOnlyForDeploymentPostprocessing = 0;
		};
		F4B96AFC295ED4A800EC9C41 /* Frameworks */ = {
			isa = PBXFrameworksBuildPhase;
			buildActionMask = 2147483647;
			files = (
			);
			runOnlyForDeploymentPostprocessing = 0;
		};
		F4B96B06295ED4A900EC9C41 /* Frameworks */ = {
			isa = PBXFrameworksBuildPhase;
			buildActionMask = 2147483647;
			files = (
			);
			runOnlyForDeploymentPostprocessing = 0;
		};
/* End PBXFrameworksBuildPhase section */

/* Begin PBXGroup section */
		F4B96AE0295ED4A700EC9C41 = {
			isa = PBXGroup;
			children = (
				F4B96AEB295ED4A700EC9C41 /* IOS102_prework */,
				F4B96B02295ED4A800EC9C41 /* IOS102_preworkTests */,
				F4B96B0C295ED4A900EC9C41 /* IOS102_preworkUITests */,
				F4B96AEA295ED4A700EC9C41 /* Products */,
			);
			sourceTree = "<group>";
		};
		F4B96AEA295ED4A700EC9C41 /* Products */ = {
			isa = PBXGroup;
			children = (
				F4B96AE9295ED4A700EC9C41 /* IOS102_prework.app */,
				F4B96AFF295ED4A800EC9C41 /* IOS102_preworkTests.xctest */,
				F4B96B09295ED4A900EC9C41 /* IOS102_preworkUITests.xctest */,
			);
			name = Products;
			sourceTree = "<group>";
		};
		F4B96AEB295ED4A700EC9C41 /* IOS102_prework */ = {
			isa = PBXGroup;
			children = (
				F4B96AEC295ED4A700EC9C41 /* AppDelegate.swift */,
				F4B96AEE295ED4A700EC9C41 /* SceneDelegate.swift */,
				F4B96AF0295ED4A700EC9C41 /* ViewController.swift */,
				F4B96AF2295ED4A700EC9C41 /* Main.storyboard */,
				F4B96AF5295ED4A800EC9C41 /* Assets.xcassets */,
				F4B96AF7295ED4A800EC9C41 /* LaunchScreen.storyboard */,
				F4B96AFA295ED4A800EC9C41 /* Info.plist */,
			);
			path = IOS102_prework;
			sourceTree = "<group>";
		};
		F4B96B02295ED4A800EC9C41 /* IOS102_preworkTests */ = {
			isa = PBXGroup;
			children = (
				F4B96B03295ED4A900EC9C41 /* IOS102_preworkTests.swift */,
			);
			path = IOS102_preworkTests;
			sourceTree = "<group>";
		};
		F4B96B0C295ED4A900EC9C41 /* IOS102_preworkUITests */ = {
			isa = PBXGroup;
			children = (
				F4B96B0D295ED4A900EC9C41 /* IOS102_preworkUITests.swift */,
				F4B96B0F295ED4A900EC9C41 /* IOS102_preworkUITestsLaunchTests.swift */,
			);
			path = IOS102_preworkUITests;
			sourceTree = "<group>";
		};
/* End PBXGroup section */

/* Begin PBXNativeTarget section */
		F4B96AE8295ED4A700EC9C41 /* IOS102_prework */ = {
			isa = PBXNativeTarget;
			buildConfigurationList = F4B96B13295ED4A900EC9C41 /* Build configuration list for PBXNativeTarget "IOS102_prework" */;
			buildPhases = (
				F4B96AE5295ED4A700EC9C41 /* Sources */,
				F4B96AE6295ED4A700EC9C41 /* Frameworks */,
				F4B96AE7295ED4A700EC9C41 /* Resources */,
			);
			buildRules = (
			);
			dependencies = (
			);
			name = IOS102_prework;
			productName = IOS102_prework;
			productReference = F4B96AE9295ED4A700EC9C41 /* IOS102_prework.app */;
			productType = "com.apple.product-type.application";
		};
		F4B96AFE295ED4A800EC9C41 /* IOS102_preworkTests */ = {
			isa = PBXNativeTarget;
			buildConfigurationList = F4B96B16295ED4A900EC9C41 /* Build configuration list for PBXNativeTarget "IOS102_preworkTests" */;
			buildPhases = (
				F4B96AFB295ED4A800EC9C41 /* Sources */,
				F4B96AFC295ED4A800EC9C41 /* Frameworks */,
				F4B96AFD295ED4A800EC9C41 /* Resources */,
			);
			buildRules = (
			);
			dependencies = (
				F4B96B01295ED4A800EC9C41 /* PBXTargetDependency */,
			);
			name = IOS102_preworkTests;
			productName = IOS102_preworkTests;
			productReference = F4B96AFF295ED4A800EC9C41 /* IOS102_preworkTests.xctest */;
			productType = "com.apple.product-type.bundle.unit-test";
		};
		F4B96B08295ED4A900EC9C41 /* IOS102_preworkUITests */ = {
			isa = PBXNativeTarget;
			buildConfigurationList = F4B96B19295ED4A900EC9C41 /* Build configuration list for PBXNativeTarget "IOS102_preworkUITests" */;
			buildPhases = (
				F4B96B05295ED4A900EC9C41 /* Sources */,
				F4B96B06295ED4A900EC9C41 /* Frameworks */,
				F4B96B07295ED4A900EC9C41 /* Resources */,
			);
			buildRules = (
			);
			dependencies = (
				F4B96B0B295ED4A900EC9C41 /* PBXTargetDependency */,
			);
			name = IOS102_preworkUITests;
			productName = IOS102_preworkUITests;
			productReference = F4B96B09295ED4A900EC9C41 /* IOS102_preworkUITests.xctest */;
			productType = "com.apple.product-type.bundle.ui-testing";
		};
/* End PBXNativeTarget section */

/* Begin PBXProject section */
		F4B96AE1295ED4A700EC9C41 /* Project object */ = {
			isa = PBXProject;
			attributes = {
				BuildIndependentTargetsInParallel = 1;
				LastSwiftUpdateCheck = 1420;
				LastUpgradeCheck = 1420;
				TargetAttributes = {
					F4B96AE8295ED4A700EC9C41 = {
						CreatedOnToolsVersion = 14.2;
					};
					F4B96AFE295ED4A800EC9C41 = {
						CreatedOnToolsVersion = 14.2;
						TestTargetID = F4B96AE8295ED4A700EC9C41;
					};
					F4B96B08295ED4A900EC9C41 = {
						CreatedOnToolsVersion = 14.2;
						TestTargetID = F4B96AE8295ED4A700EC9C41;
					};
				};
			};
			buildConfigurationList = F4B96AE4295ED4A700EC9C41 /* Build configuration list for PBXProject "IOS102_prework" */;
			compatibilityVersion = "Xcode 14.0";
			developmentRegion = en;
			hasScannedForEncodings = 0;
			knownRegions = (
				en,
				Base,
			);
			mainGroup = F4B96AE0295ED4A700EC9C41;
			productRefGroup = F4B96AEA295ED4A700EC9C41 /* Products */;
			projectDirPath = "";
			projectRoot = "";
			targets = (
				F4B96AE8295ED4A700EC9C41 /* IOS102_prework */,
				F4B96AFE295ED4A800EC9C41 /* IOS102_preworkTests */,
				F4B96B08295ED4A900EC9C41 /* IOS102_preworkUITests */,
			);
		};
/* End PBXProject section */

/* Begin PBXResourcesBuildPhase section */
		F4B96AE7295ED4A700EC9C41 /* Resources */ = {
			isa = PBXResourcesBuildPhase;
			buildActionMask = 2147483647;
			files = (
				F4B96AF9295ED4A800EC9C41 /* LaunchScreen.storyboard in Resources */,
				F4B96AF6295ED4A800EC9C41 /* Assets.xcassets in Resources */,
				F4B96AF4295ED4A700EC9C41 /* Main.storyboard in Resources */,
			);
			runOnlyForDeploymentPostprocessing = 0;
		};
		F4B96AFD295ED4A800EC9C41 /* Resources */ = {
			isa = PBXResourcesBuildPhase;
			buildActionMask = 2147483647;
			files = (
			);
			runOnlyForDeploymentPostprocessing = 0;
		};
		F4B96B07295ED4A900EC9C41 /* Resources */ = {
			isa = PBXResourcesBuildPhase;
			buildActionMask = 2147483647;
			files = (
			);
			runOnlyForDeploymentPostprocessing = 0;
		};
/* End PBXResourcesBuildPhase section */

/* Begin PBXSourcesBuildPhase section */
		F4B96AE5295ED4A700EC9C41 /* Sources */ = {
			isa = PBXSourcesBuildPhase;
			buildActionMask = 2147483647;
			files = (
				F4B96AF1295ED4A700EC9C41 /* ViewController.swift in Sources */,
				F4B96AED295ED4A700EC9C41 /* AppDelegate.swift in Sources */,
				F4B96AEF295ED4A700EC9C41 /* SceneDelegate.swift in Sources */,
			);
			runOnlyForDeploymentPostprocessing = 0;
		};
		F4B96AFB295ED4A800EC9C41 /* Sources */ = {
			isa = PBXSourcesBuildPhase;
			buildActionMask = 2147483647;
			files = (
				F4B96B04295ED4A900EC9C41 /* IOS102_preworkTests.swift in Sources */,
			);
			runOnlyForDeploymentPostprocessing = 0;
		};
		F4B96B05295ED4A900EC9C41 /* Sources */ = {
			isa = PBXSourcesBuildPhase;
			buildActionMask = 2147483647;
			files = (
				F4B96B0E295ED4A900EC9C41 /* IOS102_preworkUITests.swift in Sources */,
				F4B96B10295ED4A900EC9C41 /* IOS102_preworkUITestsLaunchTests.swift in Sources */,
			);
			runOnlyForDeploymentPostprocessing = 0;
		};
/* End PBXSourcesBuildPhase section */

/* Begin PBXTargetDependency section */
		F4B96B01295ED4A800EC9C41 /* PBXTargetDependency */ = {
			isa = PBXTargetDependency;
			target = F4B96AE8295ED4A700EC9C41 /* IOS102_prework */;
			targetProxy = F4B96B00295ED4A800EC9C41 /* PBXContainerItemProxy */;
		};
		F4B96B0B295ED4A900EC9C41 /* PBXTargetDependency */ = {
			isa = PBXTargetDependency;
			target = F4B96AE8295ED4A700EC9C41 /* IOS102_prework */;
			targetProxy = F4B96B0A295ED4A900EC9C41 /* PBXContainerItemProxy */;
		};
/* End PBXTargetDependency section */

/* Begin PBXVariantGroup section */
		F4B96AF2295ED4A700EC9C41 /* Main.storyboard */ = {
			isa = PBXVariantGroup;
			children = (
				F4B96AF3295ED4A700EC9C41 /* Base */,
			);
			name = Main.storyboard;
			sourceTree = "<group>";
		};
		F4B96AF7295ED4A800EC9C41 /* LaunchScreen.storyboard */ = {
			isa = PBXVariantGroup;
			children = (
				F4B96AF8295ED4A800EC9C41 /* Base */,
			);
			name = LaunchScreen.storyboard;
			sourceTree = "<group>";
		};
/* End PBXVariantGroup section */

/* Begin XCBuildConfiguration section */
		F4B96B11295ED4A900EC9C41 /* Debug */ = {
			isa = XCBuildConfiguration;
			buildSettings = {
				ALWAYS_SEARCH_USER_PATHS = NO;
				CLANG_ANALYZER_NONNULL = YES;
				CLANG_ANALYZER_NUMBER_OBJECT_CONVERSION = YES_AGGRESSIVE;
				CLANG_CXX_LANGUAGE_STANDARD = "gnu++20";
				CLANG_ENABLE_MODULES = YES;
				CLANG_ENABLE_OBJC_ARC = YES;
				CLANG_ENABLE_OBJC_WEAK = YES;
				CLANG_WARN_BLOCK_CAPTURE_AUTORELEASING = YES;
				CLANG_WARN_BOOL_CONVERSION = YES;
				CLANG_WARN_COMMA = YES;
				CLANG_WARN_CONSTANT_CONVERSION = YES;
				CLANG_WARN_DEPRECATED_OBJC_IMPLEMENTATIONS = YES;
				CLANG_WARN_DIRECT_OBJC_ISA_USAGE = YES_ERROR;
				CLANG_WARN_DOCUMENTATION_COMMENTS = YES;
				CLANG_WARN_EMPTY_BODY = YES;
				CLANG_WARN_ENUM_CONVERSION = YES;
				CLANG_WARN_INFINITE_RECURSION = YES;
				CLANG_WARN_INT_CONVERSION = YES;
				CLANG_WARN_NON_LITERAL_NULL_CONVERSION = YES;
				CLANG_WARN_OBJC_IMPLICIT_RETAIN_SELF = YES;
				CLANG_WARN_OBJC_LITERAL_CONVERSION = YES;
				CLANG_WARN_OBJC_ROOT_CLASS = YES_ERROR;
				CLANG_WARN_QUOTED_INCLUDE_IN_FRAMEWORK_HEADER = YES;
				CLANG_WARN_RANGE_LOOP_ANALYSIS = YES;
				CLANG_WARN_STRICT_PROTOTYPES = YES;
				CLANG_WARN_SUSPICIOUS_MOVE = YES;
				CLANG_WARN_UNGUARDED_AVAILABILITY = YES_AGGRESSIVE;
				CLANG_WARN_UNREACHABLE_CODE = YES;
				CLANG_WARN__DUPLICATE_METHOD_MATCH = YES;
				COPY_PHASE_STRIP = NO;
				DEBUG_INFORMATION_FORMAT = dwarf;
				ENABLE_STRICT_OBJC_MSGSEND = YES;
				ENABLE_TESTABILITY = YES;
				GCC_C_LANGUAGE_STANDARD = gnu11;
				GCC_DYNAMIC_NO_PIC = NO;
				GCC_NO_COMMON_BLOCKS = YES;
				GCC_OPTIMIZATION_LEVEL = 0;
				GCC_PREPROCESSOR_DEFINITIONS = (
					"DEBUG=1",
					"$(inherited)",
				);
				GCC_WARN_64_TO_32_BIT_CONVERSION = YES;
				GCC_WARN_ABOUT_RETURN_TYPE = YES_ERROR;
				GCC_WARN_UNDECLARED_SELECTOR = YES;
				GCC_WARN_UNINITIALIZED_AUTOS = YES_AGGRESSIVE;
				GCC_WARN_UNUSED_FUNCTION = YES;
				GCC_WARN_UNUSED_VARIABLE = YES;
				IPHONEOS_DEPLOYMENT_TARGET = 16.2;
				MTL_ENABLE_DEBUG_INFO = INCLUDE_SOURCE;
				MTL_FAST_MATH = YES;
				ONLY_ACTIVE_ARCH = YES;
				SDKROOT = iphoneos;
				SWIFT_ACTIVE_COMPILATION_CONDITIONS = DEBUG;
				SWIFT_OPTIMIZATION_LEVEL = "-Onone";
			};
			name = Debug;
		};
		F4B96B12295ED4A900EC9C41 /* Release */ = {
			isa = XCBuildConfiguration;
			buildSettings = {
				ALWAYS_SEARCH_USER_PATHS = NO;
				CLANG_ANALYZER_NONNULL = YES;
				CLANG_ANALYZER_NUMBER_OBJECT_CONVERSION = YES_AGGRESSIVE;
				CLANG_CXX_LANGUAGE_STANDARD = "gnu++20";
				CLANG_ENABLE_MODULES = YES;
				CLANG_ENABLE_OBJC_ARC = YES;
				CLANG_ENABLE_OBJC_WEAK = YES;
				CLANG_WARN_BLOCK_CAPTURE_AUTORELEASING = YES;
				CLANG_WARN_BOOL_CONVERSION = YES;
				CLANG_WARN_COMMA = YES;
				CLANG_WARN_CONSTANT_CONVERSION = YES;
				CLANG_WARN_DEPRECATED_OBJC_IMPLEMENTATIONS = YES;
				CLANG_WARN_DIRECT_OBJC_ISA_USAGE = YES_ERROR;
				CLANG_WARN_DOCUMENTATION_COMMENTS = YES;
				CLANG_WARN_EMPTY_BODY = YES;
				CLANG_WARN_ENUM_CONVERSION = YES;
				CLANG_WARN_INFINITE_RECURSION = YES;
				CLANG_WARN_INT_CONVERSION = YES;
				CLANG_WARN_NON_LITERAL_NULL_CONVERSION = YES;
				CLANG_WARN_OBJC_IMPLICIT_RETAIN_SELF = YES;
				CLANG_WARN_OBJC_LITERAL_CONVERSION = YES;
				CLANG_WARN_OBJC_ROOT_CLASS = YES_ERROR;
				CLANG_WARN_QUOTED_INCLUDE_IN_FRAMEWORK_HEADER = YES;
				CLANG_WARN_RANGE_LOOP_ANALYSIS = YES;
				CLANG_WARN_STRICT_PROTOTYPES = YES;
				CLANG_WARN_SUSPICIOUS_MOVE = YES;
				CLANG_WARN_UNGUARDED_AVAILABILITY = YES_AGGRESSIVE;
				CLANG_WARN_UNREACHABLE_CODE = YES;
				CLANG_WARN__DUPLICATE_METHOD_MATCH = YES;
				COPY_PHASE_STRIP = NO;
				DEBUG_INFORMATION_FORMAT = "dwarf-with-dsym";
				ENABLE_NS_ASSERTIONS = NO;
				ENABLE_STRICT_OBJC_MSGSEND = YES;
				GCC_C_LANGUAGE_STANDARD = gnu11;
				GCC_NO_COMMON_BLOCKS = YES;
				GCC_WARN_64_TO_32_BIT_CONVERSION = YES;
				GCC_WARN_ABOUT_RETURN_TYPE = YES_ERROR;
				GCC_WARN_UNDECLARED_SELECTOR = YES;
				GCC_WARN_UNINITIALIZED_AUTOS = YES_AGGRESSIVE;
				GCC_WARN_UNUSED_FUNCTION = YES;
				GCC_WARN_UNUSED_VARIABLE = YES;
				IPHONEOS_DEPLOYMENT_TARGET = 16.2;
				MTL_ENABLE_DEBUG_INFO = NO;
				MTL_FAST_MATH = YES;
				SDKROOT = iphoneos;
				SWIFT_COMPILATION_MODE = wholemodule;
				SWIFT_OPTIMIZATION_LEVEL = "-O";
				VALIDATE_PRODUCT = YES;
			};
			name = Release;
		};
		F4B96B14295ED4A900EC9C41 /* Debug */ = {
			isa = XCBuildConfiguration;
			buildSettings = {
				ASSETCATALOG_COMPILER_APPICON_NAME = AppIcon;
				ASSETCATALOG_COMPILER_GLOBAL_ACCENT_COLOR_NAME = AccentColor;
				CODE_SIGN_STYLE = Automatic;
				CURRENT_PROJECT_VERSION = 1;
				DEVELOPMENT_TEAM = 8N2AP8KY29;
				GENERATE_INFOPLIST_FILE = YES;
				INFOPLIST_FILE = IOS102_prework/Info.plist;
				INFOPLIST_KEY_UIApplicationSupportsIndirectInputEvents = YES;
				INFOPLIST_KEY_UILaunchStoryboardName = LaunchScreen;
				INFOPLIST_KEY_UIMainStoryboardFile = Main;
				INFOPLIST_KEY_UISupportedInterfaceOrientations_iPad = "UIInterfaceOrientationPortrait UIInterfaceOrientationPortraitUpsideDown UIInterfaceOrientationLandscapeLeft UIInterfaceOrientationLandscapeRight";
				INFOPLIST_KEY_UISupportedInterfaceOrientations_iPhone = "UIInterfaceOrientationPortrait UIInterfaceOrientationLandscapeLeft UIInterfaceOrientationLandscapeRight";
				LD_RUNPATH_SEARCH_PATHS = (
					"$(inherited)",
					"@executable_path/Frameworks",
				);
				MARKETING_VERSION = 1.0;
				PRODUCT_BUNDLE_IDENTIFIER = "Codepath-prework.IOS102-prework";
				PRODUCT_NAME = "$(TARGET_NAME)";
				SWIFT_EMIT_LOC_STRINGS = YES;
				SWIFT_VERSION = 5.0;
				TARGETED_DEVICE_FAMILY = "1,2";
			};
			name = Debug;
		};
		F4B96B15295ED4A900EC9C41 /* Release */ = {
			isa = XCBuildConfiguration;
			buildSettings = {
				ASSETCATALOG_COMPILER_APPICON_NAME = AppIcon;
				ASSETCATALOG_COMPILER_GLOBAL_ACCENT_COLOR_NAME = AccentColor;
				CODE_SIGN_STYLE = Automatic;
				CURRENT_PROJECT_VERSION = 1;
				DEVELOPMENT_TEAM = 8N2AP8KY29;
				GENERATE_INFOPLIST_FILE = YES;
				INFOPLIST_FILE = IOS102_prework/Info.plist;
				INFOPLIST_KEY_UIApplicationSupportsIndirectInputEvents = YES;
				INFOPLIST_KEY_UILaunchStoryboardName = LaunchScreen;
				INFOPLIST_KEY_UIMainStoryboardFile = Main;
				INFOPLIST_KEY_UISupportedInterfaceOrientations_iPad = "UIInterfaceOrientationPortrait UIInterfaceOrientationPortraitUpsideDown UIInterfaceOrientationLandscapeLeft UIInterfaceOrientationLandscapeRight";
				INFOPLIST_KEY_UISupportedInterfaceOrientations_iPhone = "UIInterfaceOrientationPortrait UIInterfaceOrientationLandscapeLeft UIInterfaceOrientationLandscapeRight";
				LD_RUNPATH_SEARCH_PATHS = (
					"$(inherited)",
					"@executable_path/Frameworks",
				);
				MARKETING_VERSION = 1.0;
				PRODUCT_BUNDLE_IDENTIFIER = "Codepath-prework.IOS102-prework";
				PRODUCT_NAME = "$(TARGET_NAME)";
				SWIFT_EMIT_LOC_STRINGS = YES;
				SWIFT_VERSION = 5.0;
				TARGETED_DEVICE_FAMILY = "1,2";
			};
			name = Release;
		};
		F4B96B17295ED4A900EC9C41 /* Debug */ = {
			isa = XCBuildConfiguration;
			buildSettings = {
				ALWAYS_EMBED_SWIFT_STANDARD_LIBRARIES = YES;
				BUNDLE_LOADER = "$(TEST_HOST)";
				CODE_SIGN_STYLE = Automatic;
				CURRENT_PROJECT_VERSION = 1;
				DEVELOPMENT_TEAM = 8N2AP8KY29;
				GENERATE_INFOPLIST_FILE = YES;
				IPHONEOS_DEPLOYMENT_TARGET = 16.2;
				MARKETING_VERSION = 1.0;
				PRODUCT_BUNDLE_IDENTIFIER = "Codepath-prework.IOS102-preworkTests";
				PRODUCT_NAME = "$(TARGET_NAME)";
				SWIFT_EMIT_LOC_STRINGS = NO;
				SWIFT_VERSION = 5.0;
				TARGETED_DEVICE_FAMILY = "1,2";
				TEST_HOST = "$(BUILT_PRODUCTS_DIR)/IOS102_prework.app/$(BUNDLE_EXECUTABLE_FOLDER_PATH)/IOS102_prework";
			};
			name = Debug;
		};
		F4B96B18295ED4A900EC9C41 /* Release */ = {
			isa = XCBuildConfiguration;
			buildSettings = {
				ALWAYS_EMBED_SWIFT_STANDARD_LIBRARIES = YES;
				BUNDLE_LOADER = "$(TEST_HOST)";
				CODE_SIGN_STYLE = Automatic;
				CURRENT_PROJECT_VERSION = 1;
				DEVELOPMENT_TEAM = 8N2AP8KY29;
				GENERATE_INFOPLIST_FILE = YES;
				IPHONEOS_DEPLOYMENT_TARGET = 16.2;
				MARKETING_VERSION = 1.0;
				PRODUCT_BUNDLE_IDENTIFIER = "Codepath-prework.IOS102-preworkTests";
				PRODUCT_NAME = "$(TARGET_NAME)";
				SWIFT_EMIT_LOC_STRINGS = NO;
				SWIFT_VERSION = 5.0;
				TARGETED_DEVICE_FAMILY = "1,2";
				TEST_HOST = "$(BUILT_PRODUCTS_DIR)/IOS102_prework.app/$(BUNDLE_EXECUTABLE_FOLDER_PATH)/IOS102_prework";
			};
			name = Release;
		};
		F4B96B1A295ED4A900EC9C41 /* Debug */ = {
			isa = XCBuildConfiguration;
			buildSettings = {
				ALWAYS_EMBED_SWIFT_STANDARD_LIBRARIES = YES;
				CODE_SIGN_STYLE = Automatic;
				CURRENT_PROJECT_VERSION = 1;
				DEVELOPMENT_TEAM = 8N2AP8KY29;
				GENERATE_INFOPLIST_FILE = YES;
				MARKETING_VERSION = 1.0;
				PRODUCT_BUNDLE_IDENTIFIER = "Codepath-prework.IOS102-preworkUITests";
				PRODUCT_NAME = "$(TARGET_NAME)";
				SWIFT_EMIT_LOC_STRINGS = NO;
				SWIFT_VERSION = 5.0;
				TARGETED_DEVICE_FAMILY = "1,2";
				TEST_TARGET_NAME = IOS102_prework;
			};
			name = Debug;
		};
		F4B96B1B295ED4A900EC9C41 /* Release */ = {
			isa = XCBuildConfiguration;
			buildSettings = {
				ALWAYS_EMBED_SWIFT_STANDARD_LIBRARIES = YES;
				CODE_SIGN_STYLE = Automatic;
				CURRENT_PROJECT_VERSION = 1;
				DEVELOPMENT_TEAM = 8N2AP8KY29;
				GENERATE_INFOPLIST_FILE = YES;
				MARKETING_VERSION = 1.0;
				PRODUCT_BUNDLE_IDENTIFIER = "Codepath-prework.IOS102-preworkUITests";
				PRODUCT_NAME = "$(TARGET_NAME)";
				SWIFT_EMIT_LOC_STRINGS = NO;
				SWIFT_VERSION = 5.0;
				TARGETED_DEVICE_FAMILY = "1,2";
				TEST_TARGET_NAME = IOS102_prework;
			};
			name = Release;
		};
/* End XCBuildConfiguration section */

/* Begin XCConfigurationList section */
		F4B96AE4295ED4A700EC9C41 /* Build configuration list for PBXProject "IOS102_prework" */ = {
			isa = XCConfigurationList;
			buildConfigurations = (
				F4B96B11295ED4A900EC9C41 /* Debug */,
				F4B96B12295ED4A900EC9C41 /* Release */,
			);
			defaultConfigurationIsVisible = 0;
			defaultConfigurationName = Release;
		};
		F4B96B13295ED4A900EC9C41 /* Build configuration list for PBXNativeTarget "IOS102_prework" */ = {
			isa = XCConfigurationList;
			buildConfigurations = (
				F4B96B14295ED4A900EC9C41 /* Debug */,
				F4B96B15295ED4A900EC9C41 /* Release */,
			);
			defaultConfigurationIsVisible = 0;
			defaultConfigurationName = Release;
		};
		F4B96B16295ED4A900EC9C41 /* Build configuration list for PBXNativeTarget "IOS102_preworkTests" */ = {
			isa = XCConfigurationList;
			buildConfigurations = (
				F4B96B17295ED4A900EC9C41 /* Debug */,
				F4B96B18295ED4A900EC9C41 /* Release */,
			);
			defaultConfigurationIsVisible = 0;
			defaultConfigurationName = Release;
		};
		F4B96B19295ED4A900EC9C41 /* Build configuration list for PBXNativeTarget "IOS102_preworkUITests" */ = {
			isa = XCConfigurationList;
			buildConfigurations = (
				F4B96B1A295ED4A900EC9C41 /* Debug */,
				F4B96B1B295ED4A900EC9C41 /* Release */,
			);
			defaultConfigurationIsVisible = 0;
			defaultConfigurationName = Release;
		};
/* End XCConfigurationList section */
	};
	rootObject = F4B96AE1295ED4A700EC9C41 /* Project object */;
}
